// !$*UTF8*$!
{
	archiveVersion = 1;
	classes = {
	};
	objectVersion = 56;
	objects = {

/* Begin PBXBuildFile section */
		0F2B5A5C29EC7E6000A88194 /* AppDelegate.swift in Sources */ = {isa = PBXBuildFile; fileRef = 0F2B5A5B29EC7E6000A88194 /* AppDelegate.swift */; };
		0F2B5A5E29EC7E6000A88194 /* SceneDelegate.swift in Sources */ = {isa = PBXBuildFile; fileRef = 0F2B5A5D29EC7E6000A88194 /* SceneDelegate.swift */; };
		0F2B5A6029EC7E6000A88194 /* ViewController.swift in Sources */ = {isa = PBXBuildFile; fileRef = 0F2B5A5F29EC7E6000A88194 /* ViewController.swift */; };
		0F2B5A6329EC7E6000A88194 /* Main.storyboard in Resources */ = {isa = PBXBuildFile; fileRef = 0F2B5A6129EC7E6000A88194 /* Main.storyboard */; };
		0F2B5A6529EC7E6000A88194 /* Assets.xcassets in Resources */ = {isa = PBXBuildFile; fileRef = 0F2B5A6429EC7E6000A88194 /* Assets.xcassets */; };
		0F2B5A6829EC7E6000A88194 /* LaunchScreen.storyboard in Resources */ = {isa = PBXBuildFile; fileRef = 0F2B5A6629EC7E6000A88194 /* LaunchScreen.storyboard */; };
		0F2B5A7029EC827900A88194 /* GoogleService-Info.plist in Resources */ = {isa = PBXBuildFile; fileRef = 0F2B5A6F29EC827900A88194 /* GoogleService-Info.plist */; };
		0F2B5A7329EC838B00A88194 /* FirebaseAnalytics in Frameworks */ = {isa = PBXBuildFile; productRef = 0F2B5A7229EC838B00A88194 /* FirebaseAnalytics */; };
		0F2B5A7529EC838B00A88194 /* FirebaseAnalyticsOnDeviceConversion in Frameworks */ = {isa = PBXBuildFile; productRef = 0F2B5A7429EC838B00A88194 /* FirebaseAnalyticsOnDeviceConversion */; };
		0F2B5A7729EC838B00A88194 /* FirebaseAnalyticsSwift in Frameworks */ = {isa = PBXBuildFile; productRef = 0F2B5A7629EC838B00A88194 /* FirebaseAnalyticsSwift */; };
		0F2B5A7929EC838B00A88194 /* FirebaseAnalyticsWithoutAdIdSupport in Frameworks */ = {isa = PBXBuildFile; productRef = 0F2B5A7829EC838B00A88194 /* FirebaseAnalyticsWithoutAdIdSupport */; };
		0F2B5A7B29EC838B00A88194 /* FirebaseAuth in Frameworks */ = {isa = PBXBuildFile; productRef = 0F2B5A7A29EC838B00A88194 /* FirebaseAuth */; };
		0F2B5A7D29EC838B00A88194 /* FirebaseAuthCombine-Community in Frameworks */ = {isa = PBXBuildFile; productRef = 0F2B5A7C29EC838B00A88194 /* FirebaseAuthCombine-Community */; };
		0F2B5A7F29EC838B00A88194 /* FirebaseFirestore in Frameworks */ = {isa = PBXBuildFile; productRef = 0F2B5A7E29EC838B00A88194 /* FirebaseFirestore */; };
		0F2B5A8129EC838B00A88194 /* FirebaseFirestoreCombine-Community in Frameworks */ = {isa = PBXBuildFile; productRef = 0F2B5A8029EC838B00A88194 /* FirebaseFirestoreCombine-Community */; };
		0F2B5A8329EC838B00A88194 /* FirebaseFirestoreSwift in Frameworks */ = {isa = PBXBuildFile; productRef = 0F2B5A8229EC838B00A88194 /* FirebaseFirestoreSwift */; };
		0F2B5A8529EC838B00A88194 /* FirebaseStorage in Frameworks */ = {isa = PBXBuildFile; productRef = 0F2B5A8429EC838B00A88194 /* FirebaseStorage */; };
		0F2B5A8729EC838B00A88194 /* FirebaseStorageCombine-Community in Frameworks */ = {isa = PBXBuildFile; productRef = 0F2B5A8629EC838B00A88194 /* FirebaseStorageCombine-Community */; };
		0FA4E0CA29ED75A000B0F213 /* FeedViewController.swift in Sources */ = {isa = PBXBuildFile; fileRef = 0FA4E0C929ED75A000B0F213 /* FeedViewController.swift */; };
		0FA4E0CC29ED75C400B0F213 /* UploadViewController.swift in Sources */ = {isa = PBXBuildFile; fileRef = 0FA4E0CB29ED75C400B0F213 /* UploadViewController.swift */; };
		0FA4E0CE29ED75E700B0F213 /* SettingsViewController.swift in Sources */ = {isa = PBXBuildFile; fileRef = 0FA4E0CD29ED75E700B0F213 /* SettingsViewController.swift */; };
/* End PBXBuildFile section */

/* Begin PBXFileReference section */
		0F2B5A5829EC7E6000A88194 /* InstaCloneFirebase8.app */ = {isa = PBXFileReference; explicitFileType = wrapper.application; includeInIndex = 0; path = InstaCloneFirebase8.app; sourceTree = BUILT_PRODUCTS_DIR; };
		0F2B5A5B29EC7E6000A88194 /* AppDelegate.swift */ = {isa = PBXFileReference; lastKnownFileType = sourcecode.swift; path = AppDelegate.swift; sourceTree = "<group>"; };
		0F2B5A5D29EC7E6000A88194 /* SceneDelegate.swift */ = {isa = PBXFileReference; lastKnownFileType = sourcecode.swift; path = SceneDelegate.swift; sourceTree = "<group>"; };
		0F2B5A5F29EC7E6000A88194 /* ViewController.swift */ = {isa = PBXFileReference; lastKnownFileType = sourcecode.swift; path = ViewController.swift; sourceTree = "<group>"; };
		0F2B5A6229EC7E6000A88194 /* Base */ = {isa = PBXFileReference; lastKnownFileType = file.storyboard; name = Base; path = Base.lproj/Main.storyboard; sourceTree = "<group>"; };
		0F2B5A6429EC7E6000A88194 /* Assets.xcassets */ = {isa = PBXFileReference; lastKnownFileType = folder.assetcatalog; path = Assets.xcassets; sourceTree = "<group>"; };
		0F2B5A6729EC7E6000A88194 /* Base */ = {isa = PBXFileReference; lastKnownFileType = file.storyboard; name = Base; path = Base.lproj/LaunchScreen.storyboard; sourceTree = "<group>"; };
		0F2B5A6929EC7E6000A88194 /* Info.plist */ = {isa = PBXFileReference; lastKnownFileType = text.plist.xml; path = Info.plist; sourceTree = "<group>"; };
		0F2B5A6F29EC827900A88194 /* GoogleService-Info.plist */ = {isa = PBXFileReference; fileEncoding = 4; lastKnownFileType = text.plist.xml; path = "GoogleService-Info.plist"; sourceTree = "<group>"; };
		0FA4E0C929ED75A000B0F213 /* FeedViewController.swift */ = {isa = PBXFileReference; lastKnownFileType = sourcecode.swift; path = FeedViewController.swift; sourceTree = "<group>"; };
		0FA4E0CB29ED75C400B0F213 /* UploadViewController.swift */ = {isa = PBXFileReference; lastKnownFileType = sourcecode.swift; path = UploadViewController.swift; sourceTree = "<group>"; };
		0FA4E0CD29ED75E700B0F213 /* SettingsViewController.swift */ = {isa = PBXFileReference; lastKnownFileType = sourcecode.swift; path = SettingsViewController.swift; sourceTree = "<group>"; };
/* End PBXFileReference section */

/* Begin PBXFrameworksBuildPhase section */
		0F2B5A5529EC7E6000A88194 /* Frameworks */ = {
			isa = PBXFrameworksBuildPhase;
			buildActionMask = 2147483647;
			files = (
				0F2B5A8729EC838B00A88194 /* FirebaseStorageCombine-Community in Frameworks */,
				0F2B5A7729EC838B00A88194 /* FirebaseAnalyticsSwift in Frameworks */,
				0F2B5A8129EC838B00A88194 /* FirebaseFirestoreCombine-Community in Frameworks */,
				0F2B5A7D29EC838B00A88194 /* FirebaseAuthCombine-Community in Frameworks */,
				0F2B5A8529EC838B00A88194 /* FirebaseStorage in Frameworks */,
				0F2B5A7B29EC838B00A88194 /* FirebaseAuth in Frameworks */,
				0F2B5A7329EC838B00A88194 /* FirebaseAnalytics in Frameworks */,
				0F2B5A7529EC838B00A88194 /* FirebaseAnalyticsOnDeviceConversion in Frameworks */,
				0F2B5A7929EC838B00A88194 /* FirebaseAnalyticsWithoutAdIdSupport in Frameworks */,
				0F2B5A7F29EC838B00A88194 /* FirebaseFirestore in Frameworks */,
				0F2B5A8329EC838B00A88194 /* FirebaseFirestoreSwift in Frameworks */,
			);
			runOnlyForDeploymentPostprocessing = 0;
		};
/* End PBXFrameworksBuildPhase section */

/* Begin PBXGroup section */
		0F2B5A4F29EC7E6000A88194 = {
			isa = PBXGroup;
			children = (
				0F2B5A5A29EC7E6000A88194 /* InstaCloneFirebase8 */,
				0F2B5A5929EC7E6000A88194 /* Products */,
			);
			sourceTree = "<group>";
		};
		0F2B5A5929EC7E6000A88194 /* Products */ = {
			isa = PBXGroup;
			children = (
				0F2B5A5829EC7E6000A88194 /* InstaCloneFirebase8.app */,
			);
			name = Products;
			sourceTree = "<group>";
		};
		0F2B5A5A29EC7E6000A88194 /* InstaCloneFirebase8 */ = {
			isa = PBXGroup;
			children = (
				0F2B5A5B29EC7E6000A88194 /* AppDelegate.swift */,
				0F2B5A5D29EC7E6000A88194 /* SceneDelegate.swift */,
				0F2B5A5F29EC7E6000A88194 /* ViewController.swift */,
				0F2B5A6129EC7E6000A88194 /* Main.storyboard */,
				0F2B5A6429EC7E6000A88194 /* Assets.xcassets */,
				0F2B5A6629EC7E6000A88194 /* LaunchScreen.storyboard */,
				0F2B5A6929EC7E6000A88194 /* Info.plist */,
				0F2B5A6F29EC827900A88194 /* GoogleService-Info.plist */,
				0FA4E0C929ED75A000B0F213 /* FeedViewController.swift */,
				0FA4E0CB29ED75C400B0F213 /* UploadViewController.swift */,
				0FA4E0CD29ED75E700B0F213 /* SettingsViewController.swift */,
			);
			path = InstaCloneFirebase8;
			sourceTree = "<group>";
		};
/* End PBXGroup section */

/* Begin PBXNativeTarget section */
		0F2B5A5729EC7E6000A88194 /* InstaCloneFirebase8 */ = {
			isa = PBXNativeTarget;
			buildConfigurationList = 0F2B5A6C29EC7E6000A88194 /* Build configuration list for PBXNativeTarget "InstaCloneFirebase8" */;
			buildPhases = (
				0F2B5A5429EC7E6000A88194 /* Sources */,
				0F2B5A5529EC7E6000A88194 /* Frameworks */,
				0F2B5A5629EC7E6000A88194 /* Resources */,
			);
			buildRules = (
			);
			dependencies = (
			);
			name = InstaCloneFirebase8;
			packageProductDependencies = (
				0F2B5A7229EC838B00A88194 /* FirebaseAnalytics */,
				0F2B5A7429EC838B00A88194 /* FirebaseAnalyticsOnDeviceConversion */,
				0F2B5A7629EC838B00A88194 /* FirebaseAnalyticsSwift */,
				0F2B5A7829EC838B00A88194 /* FirebaseAnalyticsWithoutAdIdSupport */,
				0F2B5A7A29EC838B00A88194 /* FirebaseAuth */,
				0F2B5A7C29EC838B00A88194 /* FirebaseAuthCombine-Community */,
				0F2B5A7E29EC838B00A88194 /* FirebaseFirestore */,
				0F2B5A8029EC838B00A88194 /* FirebaseFirestoreCombine-Community */,
				0F2B5A8229EC838B00A88194 /* FirebaseFirestoreSwift */,
				0F2B5A8429EC838B00A88194 /* FirebaseStorage */,
				0F2B5A8629EC838B00A88194 /* FirebaseStorageCombine-Community */,
			);
			productName = InstaCloneFirebase8;
			productReference = 0F2B5A5829EC7E6000A88194 /* InstaCloneFirebase8.app */;
			productType = "com.apple.product-type.application";
		};
/* End PBXNativeTarget section */

/* Begin PBXProject section */
		0F2B5A5029EC7E6000A88194 /* Project object */ = {
			isa = PBXProject;
			attributes = {
				BuildIndependentTargetsInParallel = 1;
				LastSwiftUpdateCheck = 1430;
				LastUpgradeCheck = 1430;
				TargetAttributes = {
					0F2B5A5729EC7E6000A88194 = {
						CreatedOnToolsVersion = 14.3;
					};
				};
			};
			buildConfigurationList = 0F2B5A5329EC7E6000A88194 /* Build configuration list for PBXProject "InstaCloneFirebase8" */;
			compatibilityVersion = "Xcode 14.0";
			developmentRegion = en;
			hasScannedForEncodings = 0;
			knownRegions = (
				en,
				Base,
			);
			mainGroup = 0F2B5A4F29EC7E6000A88194;
			packageReferences = (
				0F2B5A7129EC838B00A88194 /* XCRemoteSwiftPackageReference "firebase-ios-sdk" */,
			);
			productRefGroup = 0F2B5A5929EC7E6000A88194 /* Products */;
			projectDirPath = "";
			projectRoot = "";
			targets = (
				0F2B5A5729EC7E6000A88194 /* InstaCloneFirebase8 */,
			);
		};
/* End PBXProject section */

/* Begin PBXResourcesBuildPhase section */
		0F2B5A5629EC7E6000A88194 /* Resources */ = {
			isa = PBXResourcesBuildPhase;
			buildActionMask = 2147483647;
			files = (
				0F2B5A6829EC7E6000A88194 /* LaunchScreen.storyboard in Resources */,
				0F2B5A7029EC827900A88194 /* GoogleService-Info.plist in Resources */,
				0F2B5A6529EC7E6000A88194 /* Assets.xcassets in Resources */,
				0F2B5A6329EC7E6000A88194 /* Main.storyboard in Resources */,
			);
			runOnlyForDeploymentPostprocessing = 0;
		};
/* End PBXResourcesBuildPhase section */

/* Begin PBXSourcesBuildPhase section */
		0F2B5A5429EC7E6000A88194 /* Sources */ = {
			isa = PBXSourcesBuildPhase;
			buildActionMask = 2147483647;
			files = (
				0F2B5A6029EC7E6000A88194 /* ViewController.swift in Sources */,
				0FA4E0CC29ED75C400B0F213 /* UploadViewController.swift in Sources */,
				0F2B5A5C29EC7E6000A88194 /* AppDelegate.swift in Sources */,
				0FA4E0CA29ED75A000B0F213 /* FeedViewController.swift in Sources */,
				0F2B5A5E29EC7E6000A88194 /* SceneDelegate.swift in Sources */,
				0FA4E0CE29ED75E700B0F213 /* SettingsViewController.swift in Sources */,
			);
			runOnlyForDeploymentPostprocessing = 0;
		};
/* End PBXSourcesBuildPhase section */

/* Begin PBXVariantGroup section */
		0F2B5A6129EC7E6000A88194 /* Main.storyboard */ = {
			isa = PBXVariantGroup;
			children = (
				0F2B5A6229EC7E6000A88194 /* Base */,
			);
			name = Main.storyboard;
			sourceTree = "<group>";
		};
		0F2B5A6629EC7E6000A88194 /* LaunchScreen.storyboard */ = {
			isa = PBXVariantGroup;
			children = (
				0F2B5A6729EC7E6000A88194 /* Base */,
			);
			name = LaunchScreen.storyboard;
			sourceTree = "<group>";
		};
/* End PBXVariantGroup section */

/* Begin XCBuildConfiguration section */
		0F2B5A6A29EC7E6000A88194 /* Debug */ = {
			isa = XCBuildConfiguration;
			buildSettings = {
				ALWAYS_SEARCH_USER_PATHS = NO;
				CLANG_ANALYZER_NONNULL = YES;
				CLANG_ANALYZER_NUMBER_OBJECT_CONVERSION = YES_AGGRESSIVE;
				CLANG_CXX_LANGUAGE_STANDARD = "gnu++20";
				CLANG_ENABLE_MODULES = YES;
				CLANG_ENABLE_OBJC_ARC = YES;
				CLANG_ENABLE_OBJC_WEAK = YES;
				CLANG_WARN_BLOCK_CAPTURE_AUTORELEASING = YES;
				CLANG_WARN_BOOL_CONVERSION = YES;
				CLANG_WARN_COMMA = YES;
				CLANG_WARN_CONSTANT_CONVERSION = YES;
				CLANG_WARN_DEPRECATED_OBJC_IMPLEMENTATIONS = YES;
				CLANG_WARN_DIRECT_OBJC_ISA_USAGE = YES_ERROR;
				CLANG_WARN_DOCUMENTATION_COMMENTS = YES;
				CLANG_WARN_EMPTY_BODY = YES;
				CLANG_WARN_ENUM_CONVERSION = YES;
				CLANG_WARN_INFINITE_RECURSION = YES;
				CLANG_WARN_INT_CONVERSION = YES;
				CLANG_WARN_NON_LITERAL_NULL_CONVERSION = YES;
				CLANG_WARN_OBJC_IMPLICIT_RETAIN_SELF = YES;
				CLANG_WARN_OBJC_LITERAL_CONVERSION = YES;
				CLANG_WARN_OBJC_ROOT_CLASS = YES_ERROR;
				CLANG_WARN_QUOTED_INCLUDE_IN_FRAMEWORK_HEADER = YES;
				CLANG_WARN_RANGE_LOOP_ANALYSIS = YES;
				CLANG_WARN_STRICT_PROTOTYPES = YES;
				CLANG_WARN_SUSPICIOUS_MOVE = YES;
				CLANG_WARN_UNGUARDED_AVAILABILITY = YES_AGGRESSIVE;
				CLANG_WARN_UNREACHABLE_CODE = YES;
				CLANG_WARN__DUPLICATE_METHOD_MATCH = YES;
				COPY_PHASE_STRIP = NO;
				DEBUG_INFORMATION_FORMAT = dwarf;
				ENABLE_STRICT_OBJC_MSGSEND = YES;
				ENABLE_TESTABILITY = YES;
				GCC_C_LANGUAGE_STANDARD = gnu11;
				GCC_DYNAMIC_NO_PIC = NO;
				GCC_NO_COMMON_BLOCKS = YES;
				GCC_OPTIMIZATION_LEVEL = 0;
				GCC_PREPROCESSOR_DEFINITIONS = (
					"DEBUG=1",
					"$(inherited)",
				);
				GCC_WARN_64_TO_32_BIT_CONVERSION = YES;
				GCC_WARN_ABOUT_RETURN_TYPE = YES_ERROR;
				GCC_WARN_UNDECLARED_SELECTOR = YES;
				GCC_WARN_UNINITIALIZED_AUTOS = YES_AGGRESSIVE;
				GCC_WARN_UNUSED_FUNCTION = YES;
				GCC_WARN_UNUSED_VARIABLE = YES;
				IPHONEOS_DEPLOYMENT_TARGET = 16.4;
				MTL_ENABLE_DEBUG_INFO = INCLUDE_SOURCE;
				MTL_FAST_MATH = YES;
				ONLY_ACTIVE_ARCH = YES;
				SDKROOT = iphoneos;
				SWIFT_ACTIVE_COMPILATION_CONDITIONS = DEBUG;
				SWIFT_OPTIMIZATION_LEVEL = "-Onone";
			};
			name = Debug;
		};
		0F2B5A6B29EC7E6000A88194 /* Release */ = {
			isa = XCBuildConfiguration;
			buildSettings = {
				ALWAYS_SEARCH_USER_PATHS = NO;
				CLANG_ANALYZER_NONNULL = YES;
				CLANG_ANALYZER_NUMBER_OBJECT_CONVERSION = YES_AGGRESSIVE;
				CLANG_CXX_LANGUAGE_STANDARD = "gnu++20";
				CLANG_ENABLE_MODULES = YES;
				CLANG_ENABLE_OBJC_ARC = YES;
				CLANG_ENABLE_OBJC_WEAK = YES;
				CLANG_WARN_BLOCK_CAPTURE_AUTORELEASING = YES;
				CLANG_WARN_BOOL_CONVERSION = YES;
				CLANG_WARN_COMMA = YES;
				CLANG_WARN_CONSTANT_CONVERSION = YES;
				CLANG_WARN_DEPRECATED_OBJC_IMPLEMENTATIONS = YES;
				CLANG_WARN_DIRECT_OBJC_ISA_USAGE = YES_ERROR;
				CLANG_WARN_DOCUMENTATION_COMMENTS = YES;
				CLANG_WARN_EMPTY_BODY = YES;
				CLANG_WARN_ENUM_CONVERSION = YES;
				CLANG_WARN_INFINITE_RECURSION = YES;
				CLANG_WARN_INT_CONVERSION = YES;
				CLANG_WARN_NON_LITERAL_NULL_CONVERSION = YES;
				CLANG_WARN_OBJC_IMPLICIT_RETAIN_SELF = YES;
				CLANG_WARN_OBJC_LITERAL_CONVERSION = YES;
				CLANG_WARN_OBJC_ROOT_CLASS = YES_ERROR;
				CLANG_WARN_QUOTED_INCLUDE_IN_FRAMEWORK_HEADER = YES;
				CLANG_WARN_RANGE_LOOP_ANALYSIS = YES;
				CLANG_WARN_STRICT_PROTOTYPES = YES;
				CLANG_WARN_SUSPICIOUS_MOVE = YES;
				CLANG_WARN_UNGUARDED_AVAILABILITY = YES_AGGRESSIVE;
				CLANG_WARN_UNREACHABLE_CODE = YES;
				CLANG_WARN__DUPLICATE_METHOD_MATCH = YES;
				COPY_PHASE_STRIP = NO;
				DEBUG_INFORMATION_FORMAT = "dwarf-with-dsym";
				ENABLE_NS_ASSERTIONS = NO;
				ENABLE_STRICT_OBJC_MSGSEND = YES;
				GCC_C_LANGUAGE_STANDARD = gnu11;
				GCC_NO_COMMON_BLOCKS = YES;
				GCC_WARN_64_TO_32_BIT_CONVERSION = YES;
				GCC_WARN_ABOUT_RETURN_TYPE = YES_ERROR;
				GCC_WARN_UNDECLARED_SELECTOR = YES;
				GCC_WARN_UNINITIALIZED_AUTOS = YES_AGGRESSIVE;
				GCC_WARN_UNUSED_FUNCTION = YES;
				GCC_WARN_UNUSED_VARIABLE = YES;
				IPHONEOS_DEPLOYMENT_TARGET = 16.4;
				MTL_ENABLE_DEBUG_INFO = NO;
				MTL_FAST_MATH = YES;
				SDKROOT = iphoneos;
				SWIFT_COMPILATION_MODE = wholemodule;
				SWIFT_OPTIMIZATION_LEVEL = "-O";
				VALIDATE_PRODUCT = YES;
			};
			name = Release;
		};
		0F2B5A6D29EC7E6000A88194 /* Debug */ = {
			isa = XCBuildConfiguration;
			buildSettings = {
				ASSETCATALOG_COMPILER_APPICON_NAME = AppIcon;
				ASSETCATALOG_COMPILER_GLOBAL_ACCENT_COLOR_NAME = AccentColor;
				CODE_SIGN_STYLE = Automatic;
				CURRENT_PROJECT_VERSION = 1;
				DEVELOPMENT_TEAM = V6C5ZF8LWT;
				GENERATE_INFOPLIST_FILE = YES;
				INFOPLIST_FILE = InstaCloneFirebase8/Info.plist;
				INFOPLIST_KEY_UIApplicationSupportsIndirectInputEvents = YES;
				INFOPLIST_KEY_UILaunchStoryboardName = LaunchScreen;
				INFOPLIST_KEY_UIMainStoryboardFile = Main;
				INFOPLIST_KEY_UISupportedInterfaceOrientations_iPad = "UIInterfaceOrientationPortrait UIInterfaceOrientationPortraitUpsideDown UIInterfaceOrientationLandscapeLeft UIInterfaceOrientationLandscapeRight";
				INFOPLIST_KEY_UISupportedInterfaceOrientations_iPhone = "UIInterfaceOrientationPortrait UIInterfaceOrientationLandscapeLeft UIInterfaceOrientationLandscapeRight";
				LD_RUNPATH_SEARCH_PATHS = (
					"$(inherited)",
					"@executable_path/Frameworks",
				);
				MARKETING_VERSION = 1.0;
				PRODUCT_BUNDLE_IDENTIFIER = com.tahamurat.InstaCloneFirebase8;
				PRODUCT_NAME = "$(TARGET_NAME)";
				SWIFT_EMIT_LOC_STRINGS = YES;
				SWIFT_VERSION = 5.0;
				TARGETED_DEVICE_FAMILY = "1,2";
			};
			name = Debug;
		};
		0F2B5A6E29EC7E6000A88194 /* Release */ = {
			isa = XCBuildConfiguration;
			buildSettings = {
				ASSETCATALOG_COMPILER_APPICON_NAME = AppIcon;
				ASSETCATALOG_COMPILER_GLOBAL_ACCENT_COLOR_NAME = AccentColor;
				CODE_SIGN_STYLE = Automatic;
				CURRENT_PROJECT_VERSION = 1;
				DEVELOPMENT_TEAM = V6C5ZF8LWT;
				GENERATE_INFOPLIST_FILE = YES;
				INFOPLIST_FILE = InstaCloneFirebase8/Info.plist;
				INFOPLIST_KEY_UIApplicationSupportsIndirectInputEvents = YES;
				INFOPLIST_KEY_UILaunchStoryboardName = LaunchScreen;
				INFOPLIST_KEY_UIMainStoryboardFile = Main;
				INFOPLIST_KEY_UISupportedInterfaceOrientations_iPad = "UIInterfaceOrientationPortrait UIInterfaceOrientationPortraitUpsideDown UIInterfaceOrientationLandscapeLeft UIInterfaceOrientationLandscapeRight";
				INFOPLIST_KEY_UISupportedInterfaceOrientations_iPhone = "UIInterfaceOrientationPortrait UIInterfaceOrientationLandscapeLeft UIInterfaceOrientationLandscapeRight";
				LD_RUNPATH_SEARCH_PATHS = (
					"$(inherited)",
					"@executable_path/Frameworks",
				);
				MARKETING_VERSION = 1.0;
				PRODUCT_BUNDLE_IDENTIFIER = com.tahamurat.InstaCloneFirebase8;
				PRODUCT_NAME = "$(TARGET_NAME)";
				SWIFT_EMIT_LOC_STRINGS = YES;
				SWIFT_VERSION = 5.0;
				TARGETED_DEVICE_FAMILY = "1,2";
			};
			name = Release;
		};
/* End XCBuildConfiguration section */

/* Begin XCConfigurationList section */
		0F2B5A5329EC7E6000A88194 /* Build configuration list for PBXProject "InstaCloneFirebase8" */ = {
			isa = XCConfigurationList;
			buildConfigurations = (
				0F2B5A6A29EC7E6000A88194 /* Debug */,
				0F2B5A6B29EC7E6000A88194 /* Release */,
			);
			defaultConfigurationIsVisible = 0;
			defaultConfigurationName = Release;
		};
		0F2B5A6C29EC7E6000A88194 /* Build configuration list for PBXNativeTarget "InstaCloneFirebase8" */ = {
			isa = XCConfigurationList;
			buildConfigurations = (
				0F2B5A6D29EC7E6000A88194 /* Debug */,
				0F2B5A6E29EC7E6000A88194 /* Release */,
			);
			defaultConfigurationIsVisible = 0;
			defaultConfigurationName = Release;
		};
/* End XCConfigurationList section */

/* Begin XCRemoteSwiftPackageReference section */
		0F2B5A7129EC838B00A88194 /* XCRemoteSwiftPackageReference "firebase-ios-sdk" */ = {
			isa = XCRemoteSwiftPackageReference;
			repositoryURL = "https://github.com/firebase/firebase-ios-sdk";
			requirement = {
				kind = upToNextMajorVersion;
				minimumVersion = 10.0.0;
			};
		};
/* End XCRemoteSwiftPackageReference section */

/* Begin XCSwiftPackageProductDependency section */
		0F2B5A7229EC838B00A88194 /* FirebaseAnalytics */ = {
			isa = XCSwiftPackageProductDependency;
			package = 0F2B5A7129EC838B00A88194 /* XCRemoteSwiftPackageReference "firebase-ios-sdk" */;
			productName = FirebaseAnalytics;
		};
		0F2B5A7429EC838B00A88194 /* FirebaseAnalyticsOnDeviceConversion */ = {
			isa = XCSwiftPackageProductDependency;
			package = 0F2B5A7129EC838B00A88194 /* XCRemoteSwiftPackageReference "firebase-ios-sdk" */;
			productName = FirebaseAnalyticsOnDeviceConversion;
		};
		0F2B5A7629EC838B00A88194 /* FirebaseAnalyticsSwift */ = {
			isa = XCSwiftPackageProductDependency;
			package = 0F2B5A7129EC838B00A88194 /* XCRemoteSwiftPackageReference "firebase-ios-sdk" */;
			productName = FirebaseAnalyticsSwift;
		};
		0F2B5A7829EC838B00A88194 /* FirebaseAnalyticsWithoutAdIdSupport */ = {
			isa = XCSwiftPackageProductDependency;
			package = 0F2B5A7129EC838B00A88194 /* XCRemoteSwiftPackageReference "firebase-ios-sdk" */;
			productName = FirebaseAnalyticsWithoutAdIdSupport;
		};
		0F2B5A7A29EC838B00A88194 /* FirebaseAuth */ = {
			isa = XCSwiftPackageProductDependency;
			package = 0F2B5A7129EC838B00A88194 /* XCRemoteSwiftPackageReference "firebase-ios-sdk" */;
			productName = FirebaseAuth;
		};
		0F2B5A7C29EC838B00A88194 /* FirebaseAuthCombine-Community */ = {
			isa = XCSwiftPackageProductDependency;
			package = 0F2B5A7129EC838B00A88194 /* XCRemoteSwiftPackageReference "firebase-ios-sdk" */;
			productName = "FirebaseAuthCombine-Community";
		};
		0F2B5A7E29EC838B00A88194 /* FirebaseFirestore */ = {
			isa = XCSwiftPackageProductDependency;
			package = 0F2B5A7129EC838B00A88194 /* XCRemoteSwiftPackageReference "firebase-ios-sdk" */;
			productName = FirebaseFirestore;
		};
		0F2B5A8029EC838B00A88194 /* FirebaseFirestoreCombine-Community */ = {
			isa = XCSwiftPackageProductDependency;
			package = 0F2B5A7129EC838B00A88194 /* XCRemoteSwiftPackageReference "firebase-ios-sdk" */;
			productName = "FirebaseFirestoreCombine-Community";
		};
		0F2B5A8229EC838B00A88194 /* FirebaseFirestoreSwift */ = {
			isa = XCSwiftPackageProductDependency;
			package = 0F2B5A7129EC838B00A88194 /* XCRemoteSwiftPackageReference "firebase-ios-sdk" */;
			productName = FirebaseFirestoreSwift;
		};
		0F2B5A8429EC838B00A88194 /* FirebaseStorage */ = {
			isa = XCSwiftPackageProductDependency;
			package = 0F2B5A7129EC838B00A88194 /* XCRemoteSwiftPackageReference "firebase-ios-sdk" */;
			productName = FirebaseStorage;
		};
		0F2B5A8629EC838B00A88194 /* FirebaseStorageCombine-Community */ = {
			isa = XCSwiftPackageProductDependency;
			package = 0F2B5A7129EC838B00A88194 /* XCRemoteSwiftPackageReference "firebase-ios-sdk" */;
			productName = "FirebaseStorageCombine-Community";
		};
/* End XCSwiftPackageProductDependency section */
	};
	rootObject = 0F2B5A5029EC7E6000A88194 /* Project object */;
}
